
Microsoft Visual Studio Solution File, Format Version 12.00
# Visual Studio Version 17
VisualStudioVersion = 17.0.32112.339
MinimumVisualStudioVersion = 10.0.40219.1
Project("{FAE04EC0-301F-11D3-BF4B-00C04F79EFBC}") = "Application pour medecin", "Application pour medecin\Application pour medecin.csproj", "{5AAEDEE8-2BD9-4BE2-8CD4-25ED88DDA6F6}"
EndProject
Global
	GlobalSection(SolutionConfigurationPlatforms) = preSolution
		Debug|Any CPU = Debug|Any CPU
		Release|Any CPU = Release|Any CPU
	EndGlobalSection
	GlobalSection(ProjectConfigurationPlatforms) = postSolution
		{5AAEDEE8-2BD9-4BE2-8CD4-25ED88DDA6F6}.Debug|Any CPU.ActiveCfg = Debug|Any CPU
		{5AAEDEE8-2BD9-4BE2-8CD4-25ED88DDA6F6}.Debug|Any CPU.Build.0 = Debug|Any CPU
		{5AAEDEE8-2BD9-4BE2-8CD4-25ED88DDA6F6}.Release|Any CPU.ActiveCfg = Release|Any CPU
		{5AAEDEE8-2BD9-4BE2-8CD4-25ED88DDA6F6}.Release|Any CPU.Build.0 = Release|Any CPU
	EndGlobalSection
	GlobalSection(SolutionProperties) = preSolution
		HideSolutionNode = FALSE
	EndGlobalSection
	GlobalSection(ExtensibilityGlobals) = postSolution
		SolutionGuid = {4B4FB01D-C228-4414-B2BA-B2489FB2E824}
	EndGlobalSection
EndGlobal
